
Microsoft Visual Studio Solution File, Format Version 12.00
# Visual Studio Version 17
VisualStudioVersion = 17.9.34622.214
MinimumVisualStudioVersion = 10.0.40219.1
Project("{FAE04EC0-301F-11D3-BF4B-00C04F79EFBC}") = "onluyen", "onluyen\onluyen.csproj", "{43112603-452E-4426-AC7A-8A42F35BD62B}"
EndProject
Global
	GlobalSection(SolutionConfigurationPlatforms) = preSolution
		Debug|Any CPU = Debug|Any CPU
		Release|Any CPU = Release|Any CPU
	EndGlobalSection
	GlobalSection(ProjectConfigurationPlatforms) = postSolution
		{43112603-452E-4426-AC7A-8A42F35BD62B}.Debug|Any CPU.ActiveCfg = Debug|Any CPU
		{43112603-452E-4426-AC7A-8A42F35BD62B}.Debug|Any CPU.Build.0 = Debug|Any CPU
		{43112603-452E-4426-AC7A-8A42F35BD62B}.Release|Any CPU.ActiveCfg = Release|Any CPU
		{43112603-452E-4426-AC7A-8A42F35BD62B}.Release|Any CPU.Build.0 = Release|Any CPU
	EndGlobalSection
	GlobalSection(SolutionProperties) = preSolution
		HideSolutionNode = FALSE
	EndGlobalSection
	GlobalSection(ExtensibilityGlobals) = postSolution
		SolutionGuid = {E8D8AE08-9BE9-499B-A7E3-719E4097CB7C}
	EndGlobalSection
EndGlobal
